github.com/chipsalliance/tsc v0.0.0-20230211211201-8718e112358e h1:qgTFcQZ1hZV3ooULDMyZ06t6qhMiJ5AawYbkBxivjqo=
github.com/chipsalliance/tsc v0.0.0-20230211211201-8718e112358e/go.mod h1:r+ePJ3CYWJy1wzmNkPqKEH+fUrLDeQr9bO1fauunwBI=
github.com/chipsalliance/tsc v0.0.0-20230301183220-dd28bf21a2c0 h1:AaRNahqwN+nFEjXzwQ5JlPxQh/BYQHhsXospCcJ3HOU=
github.com/chipsalliance/tsc v0.0.0-20230301183220-dd28bf21a2c0/go.mod h1:r+ePJ3CYWJy1wzmNkPqKEH+fUrLDeQr9bO1fauunwBI=
github.com/chipsalliance/tsc v0.0.0-20230317124244-223c59ba18ec h1:1oSsDlkaYHA4Be7qhznnJzWv4T5StIlqYm+25/JylWo=
github.com/chipsalliance/tsc v0.0.0-20230317124244-223c59ba18ec/go.mod h1:r+ePJ3CYWJy1wzmNkPqKEH+fUrLDeQr9bO1fauunwBI=
